{
    "version": 3,
    "terraform_version": "0.9.8",
    "serial": 0,
    "lineage": "7018dc4c-7a1d-442f-abb5-e270f2f0c677",
    "modules": [
        {
            "path": [
                "root"
            ],
            "outputs": {
                "phuha_dev_env_instance_id": {
                    "sensitive": false,
                    "type": "string",
                    "value": "i-05f929d0620b956de"
                },
                "phuha_dev_env_private_ip": {
                    "sensitive": false,
                    "type": "string",
                    "value": "172.32.251.249"
                },
                "phuha_dev_env_public_ip": {
                    "sensitive": false,
                    "type": "string",
                    "value": "13.228.170.88"
                }
            },
            "resources": {},
            "depends_on": []
        },
        {
            "path": [
                "root",
                "devops_dev_env"
            ],
            "outputs": {
                "framework_devops_dev_env_instance_id": {
                    "sensitive": false,
                    "type": "string",
                    "value": "i-05f929d0620b956de"
                },
                "framework_devops_dev_env_private_ip": {
                    "sensitive": false,
                    "type": "string",
                    "value": "172.32.251.249"
                },
                "framework_devops_dev_env_public_ip": {
                    "sensitive": false,
                    "type": "string",
                    "value": "13.228.170.88"
                }
            },
            "resources": {},
            "depends_on": []
        },
        {
            "path": [
                "root",
                "devops_dev_env",
                "framework_devops_dev_env"
            ],
            "outputs": {
                "core_custom_ami_ec2_instance_id": {
                    "sensitive": false,
                    "type": "string",
                    "value": "i-05f929d0620b956de"
                },
                "core_custom_ami_ec2_private_ip": {
                    "sensitive": false,
                    "type": "string",
                    "value": "172.32.251.249"
                },
                "core_custom_ami_ec2_public_ip": {
                    "sensitive": false,
                    "type": "string",
                    "value": "13.228.170.88"
                }
            },
            "resources": {
                "aws_instance.core_custom_generated_instance": {
                    "type": "aws_instance",
                    "depends_on": [],
                    "primary": {
                        "id": "i-05f929d0620b956de",
                        "attributes": {
                            "ami": "ami-08d19b6b",
                            "associate_public_ip_address": "true",
                            "availability_zone": "ap-southeast-1b",
                            "disable_api_termination": "false",
                            "ebs_block_device.#": "0",
                            "ebs_optimized": "false",
                            "ephemeral_block_device.#": "0",
                            "iam_instance_profile": "",
                            "id": "i-05f929d0620b956de",
                            "instance_state": "running",
                            "instance_type": "t2.micro",
                            "ipv6_addresses.#": "0",
                            "key_name": "Personal_Online_Dev_Env",
                            "monitoring": "false",
                            "network_interface.#": "0",
                            "network_interface_id": "eni-26309d0d",
                            "primary_network_interface_id": "eni-26309d0d",
                            "private_dns": "ip-172-32-251-249.ap-southeast-1.compute.internal",
                            "private_ip": "172.32.251.249",
                            "public_dns": "",
                            "public_ip": "13.228.170.88",
                            "root_block_device.#": "1",
                            "root_block_device.0.delete_on_termination": "false",
                            "root_block_device.0.iops": "120",
                            "root_block_device.0.volume_size": "40",
                            "root_block_device.0.volume_type": "gp2",
                            "security_groups.#": "0",
                            "source_dest_check": "true",
                            "subnet_id": "subnet-51df7a18",
                            "tags.%": "3",
                            "tags.Empty": "Empty",
                            "tags.Environment Group": "Development",
                            "tags.Name": "Phu Ha DevOps Env",
                            "tenancy": "default",
                            "volume_tags.%": "0",
                            "vpc_security_group_ids.#": "1",
                            "vpc_security_group_ids.86244340": "sg-be5d2ad8"
                        },
                        "meta": {
                            "e2bfb730-ecaa-11e6-8f88-34363bc7c4c0": {
                                "create": 600000000000,
                                "delete": 600000000000,
                                "update": 600000000000
                            },
                            "schema_version": "1"
                        },
                        "tainted": false
                    },
                    "deposed": [],
                    "provider": ""
                }
            },
            "depends_on": []
        }
    ]
}
